
Microsoft Visual Studio Solution File, Format Version 12.00
# Visual Studio Version 17
VisualStudioVersion = 17.5.33502.453
MinimumVisualStudioVersion = 10.0.40219.1
Project("{FAE04EC0-301F-11D3-BF4B-00C04F79EFBC}") = "Bowling", "Bowling.csproj", "{CC4DF962-A4D9-4F54-8025-97ED872CD032}"
EndProject
Project("{FAE04EC0-301F-11D3-BF4B-00C04F79EFBC}") = "Bowling.Test", "..\Bowling.Test\Bowling.Test.csproj", "{1A44EF1C-F97A-4555-BF2F-6DE8F93BA041}"
EndProject
Global
	GlobalSection(SolutionConfigurationPlatforms) = preSolution
		Debug|Any CPU = Debug|Any CPU
		Release|Any CPU = Release|Any CPU
	EndGlobalSection
	GlobalSection(ProjectConfigurationPlatforms) = postSolution
		{CC4DF962-A4D9-4F54-8025-97ED872CD032}.Debug|Any CPU.ActiveCfg = Debug|Any CPU
		{CC4DF962-A4D9-4F54-8025-97ED872CD032}.Debug|Any CPU.Build.0 = Debug|Any CPU
		{CC4DF962-A4D9-4F54-8025-97ED872CD032}.Release|Any CPU.ActiveCfg = Release|Any CPU
		{CC4DF962-A4D9-4F54-8025-97ED872CD032}.Release|Any CPU.Build.0 = Release|Any CPU
		{1A44EF1C-F97A-4555-BF2F-6DE8F93BA041}.Debug|Any CPU.ActiveCfg = Debug|Any CPU
		{1A44EF1C-F97A-4555-BF2F-6DE8F93BA041}.Debug|Any CPU.Build.0 = Debug|Any CPU
		{1A44EF1C-F97A-4555-BF2F-6DE8F93BA041}.Release|Any CPU.ActiveCfg = Release|Any CPU
		{1A44EF1C-F97A-4555-BF2F-6DE8F93BA041}.Release|Any CPU.Build.0 = Release|Any CPU
	EndGlobalSection
	GlobalSection(SolutionProperties) = preSolution
		HideSolutionNode = FALSE
	EndGlobalSection
	GlobalSection(ExtensibilityGlobals) = postSolution
		SolutionGuid = {2BAB6C44-072C-479E-ADA6-DD9C9C6A8BDF}
	EndGlobalSection
EndGlobal
